
Microsoft Visual Studio Solution File, Format Version 12.00
# Visual Studio Version 16
VisualStudioVersion = 16.0.30907.101
MinimumVisualStudioVersion = 10.0.40219.1
Project("{FAE04EC0-301F-11D3-BF4B-00C04F79EFBC}") = "SalesWebMvc", "SalesWebMvc\SalesWebMvc.csproj", "{D65E3D13-34E7-43BA-8486-B5914755B47D}"
EndProject
Global
	GlobalSection(SolutionConfigurationPlatforms) = preSolution
		Debug|Any CPU = Debug|Any CPU
		Release|Any CPU = Release|Any CPU
	EndGlobalSection
	GlobalSection(ProjectConfigurationPlatforms) = postSolution
		{D65E3D13-34E7-43BA-8486-B5914755B47D}.Debug|Any CPU.ActiveCfg = Debug|Any CPU
		{D65E3D13-34E7-43BA-8486-B5914755B47D}.Debug|Any CPU.Build.0 = Debug|Any CPU
		{D65E3D13-34E7-43BA-8486-B5914755B47D}.Release|Any CPU.ActiveCfg = Release|Any CPU
		{D65E3D13-34E7-43BA-8486-B5914755B47D}.Release|Any CPU.Build.0 = Release|Any CPU
	EndGlobalSection
	GlobalSection(SolutionProperties) = preSolution
		HideSolutionNode = FALSE
	EndGlobalSection
	GlobalSection(ExtensibilityGlobals) = postSolution
		SolutionGuid = {41461DC3-36E0-4C34-A265-C24D8CA00A82}
	EndGlobalSection
EndGlobal
